// !$*UTF8*$!
{
	archiveVersion = 1;
	classes = {
	};
	objectVersion = 50;
	objects = {

/* Begin PBXBuildFile section */
		18790C2122C1406800AD4BB3 /* AppDelegate.swift in Sources */ = {isa = PBXBuildFile; fileRef = 18790C2022C1406800AD4BB3 /* AppDelegate.swift */; };
		18790C2622C1406800AD4BB3 /* Main.storyboard in Resources */ = {isa = PBXBuildFile; fileRef = 18790C2422C1406800AD4BB3 /* Main.storyboard */; };
		18790C2922C1406800AD4BB3 /* View_Finder_App.xcdatamodeld in Sources */ = {isa = PBXBuildFile; fileRef = 18790C2722C1406800AD4BB3 /* View_Finder_App.xcdatamodeld */; };
		18790C2B22C1406900AD4BB3 /* Assets.xcassets in Resources */ = {isa = PBXBuildFile; fileRef = 18790C2A22C1406900AD4BB3 /* Assets.xcassets */; };
		18790C2E22C1406900AD4BB3 /* LaunchScreen.storyboard in Resources */ = {isa = PBXBuildFile; fileRef = 18790C2C22C1406900AD4BB3 /* LaunchScreen.storyboard */; };
		18790C3922C1406900AD4BB3 /* View_Finder_AppTests.swift in Sources */ = {isa = PBXBuildFile; fileRef = 18790C3822C1406900AD4BB3 /* View_Finder_AppTests.swift */; };
		18790C4422C1406900AD4BB3 /* View_Finder_AppUITests.swift in Sources */ = {isa = PBXBuildFile; fileRef = 18790C4322C1406900AD4BB3 /* View_Finder_AppUITests.swift */; };
		18790C5222C14C0400AD4BB3 /* AddPhotoViewController.swift in Sources */ = {isa = PBXBuildFile; fileRef = 18790C5122C14C0400AD4BB3 /* AddPhotoViewController.swift */; };
		18790C5422C164D900AD4BB3 /* PhotoTableViewController.swift in Sources */ = {isa = PBXBuildFile; fileRef = 18790C5322C164D900AD4BB3 /* PhotoTableViewController.swift */; };
/* End PBXBuildFile section */

/* Begin PBXContainerItemProxy section */
		18790C3522C1406900AD4BB3 /* PBXContainerItemProxy */ = {
			isa = PBXContainerItemProxy;
			containerPortal = 18790C1522C1406800AD4BB3 /* Project object */;
			proxyType = 1;
			remoteGlobalIDString = 18790C1C22C1406800AD4BB3;
			remoteInfo = "View Finder App";
		};
		18790C4022C1406900AD4BB3 /* PBXContainerItemProxy */ = {
			isa = PBXContainerItemProxy;
			containerPortal = 18790C1522C1406800AD4BB3 /* Project object */;
			proxyType = 1;
			remoteGlobalIDString = 18790C1C22C1406800AD4BB3;
			remoteInfo = "View Finder App";
		};
/* End PBXContainerItemProxy section */

/* Begin PBXFileReference section */
		18790C1D22C1406800AD4BB3 /* View Finder App.app */ = {isa = PBXFileReference; explicitFileType = wrapper.application; includeInIndex = 0; path = "View Finder App.app"; sourceTree = BUILT_PRODUCTS_DIR; };
		18790C2022C1406800AD4BB3 /* AppDelegate.swift */ = {isa = PBXFileReference; lastKnownFileType = sourcecode.swift; path = AppDelegate.swift; sourceTree = "<group>"; };
		18790C2522C1406800AD4BB3 /* Base */ = {isa = PBXFileReference; lastKnownFileType = file.storyboard; name = Base; path = Base.lproj/Main.storyboard; sourceTree = "<group>"; };
		18790C2822C1406800AD4BB3 /* View_Finder_App.xcdatamodel */ = {isa = PBXFileReference; lastKnownFileType = wrapper.xcdatamodel; path = View_Finder_App.xcdatamodel; sourceTree = "<group>"; };
		18790C2A22C1406900AD4BB3 /* Assets.xcassets */ = {isa = PBXFileReference; lastKnownFileType = folder.assetcatalog; path = Assets.xcassets; sourceTree = "<group>"; };
		18790C2D22C1406900AD4BB3 /* Base */ = {isa = PBXFileReference; lastKnownFileType = file.storyboard; name = Base; path = Base.lproj/LaunchScreen.storyboard; sourceTree = "<group>"; };
		18790C2F22C1406900AD4BB3 /* Info.plist */ = {isa = PBXFileReference; lastKnownFileType = text.plist.xml; path = Info.plist; sourceTree = "<group>"; };
		18790C3422C1406900AD4BB3 /* View Finder AppTests.xctest */ = {isa = PBXFileReference; explicitFileType = wrapper.cfbundle; includeInIndex = 0; path = "View Finder AppTests.xctest"; sourceTree = BUILT_PRODUCTS_DIR; };
		18790C3822C1406900AD4BB3 /* View_Finder_AppTests.swift */ = {isa = PBXFileReference; lastKnownFileType = sourcecode.swift; path = View_Finder_AppTests.swift; sourceTree = "<group>"; };
		18790C3A22C1406900AD4BB3 /* Info.plist */ = {isa = PBXFileReference; lastKnownFileType = text.plist.xml; path = Info.plist; sourceTree = "<group>"; };
		18790C3F22C1406900AD4BB3 /* View Finder AppUITests.xctest */ = {isa = PBXFileReference; explicitFileType = wrapper.cfbundle; includeInIndex = 0; path = "View Finder AppUITests.xctest"; sourceTree = BUILT_PRODUCTS_DIR; };
		18790C4322C1406900AD4BB3 /* View_Finder_AppUITests.swift */ = {isa = PBXFileReference; lastKnownFileType = sourcecode.swift; path = View_Finder_AppUITests.swift; sourceTree = "<group>"; };
		18790C4522C1406900AD4BB3 /* Info.plist */ = {isa = PBXFileReference; lastKnownFileType = text.plist.xml; path = Info.plist; sourceTree = "<group>"; };
		18790C5122C14C0400AD4BB3 /* AddPhotoViewController.swift */ = {isa = PBXFileReference; lastKnownFileType = sourcecode.swift; path = AddPhotoViewController.swift; sourceTree = "<group>"; };
		18790C5322C164D900AD4BB3 /* PhotoTableViewController.swift */ = {isa = PBXFileReference; lastKnownFileType = sourcecode.swift; path = PhotoTableViewController.swift; sourceTree = "<group>"; };
/* End PBXFileReference section */

/* Begin PBXFrameworksBuildPhase section */
		18790C1A22C1406800AD4BB3 /* Frameworks */ = {
			isa = PBXFrameworksBuildPhase;
			buildActionMask = 2147483647;
			files = (
			);
			runOnlyForDeploymentPostprocessing = 0;
		};
		18790C3122C1406900AD4BB3 /* Frameworks */ = {
			isa = PBXFrameworksBuildPhase;
			buildActionMask = 2147483647;
			files = (
			);
			runOnlyForDeploymentPostprocessing = 0;
		};
		18790C3C22C1406900AD4BB3 /* Frameworks */ = {
			isa = PBXFrameworksBuildPhase;
			buildActionMask = 2147483647;
			files = (
			);
			runOnlyForDeploymentPostprocessing = 0;
		};
/* End PBXFrameworksBuildPhase section */

/* Begin PBXGroup section */
		18790C1422C1406800AD4BB3 = {
			isa = PBXGroup;
			children = (
				18790C1F22C1406800AD4BB3 /* View Finder App */,
				18790C3722C1406900AD4BB3 /* View Finder AppTests */,
				18790C4222C1406900AD4BB3 /* View Finder AppUITests */,
				18790C1E22C1406800AD4BB3 /* Products */,
			);
			sourceTree = "<group>";
		};
		18790C1E22C1406800AD4BB3 /* Products */ = {
			isa = PBXGroup;
			children = (
				18790C1D22C1406800AD4BB3 /* View Finder App.app */,
				18790C3422C1406900AD4BB3 /* View Finder AppTests.xctest */,
				18790C3F22C1406900AD4BB3 /* View Finder AppUITests.xctest */,
			);
			name = Products;
			sourceTree = "<group>";
		};
		18790C1F22C1406800AD4BB3 /* View Finder App */ = {
			isa = PBXGroup;
			children = (
				18790C2022C1406800AD4BB3 /* AppDelegate.swift */,
				18790C2422C1406800AD4BB3 /* Main.storyboard */,
				18790C5322C164D900AD4BB3 /* PhotoTableViewController.swift */,
				18790C2A22C1406900AD4BB3 /* Assets.xcassets */,
				18790C2C22C1406900AD4BB3 /* LaunchScreen.storyboard */,
				18790C2F22C1406900AD4BB3 /* Info.plist */,
				18790C2722C1406800AD4BB3 /* View_Finder_App.xcdatamodeld */,
				18790C5122C14C0400AD4BB3 /* AddPhotoViewController.swift */,
			);
			path = "View Finder App";
			sourceTree = "<group>";
		};
		18790C3722C1406900AD4BB3 /* View Finder AppTests */ = {
			isa = PBXGroup;
			children = (
				18790C3822C1406900AD4BB3 /* View_Finder_AppTests.swift */,
				18790C3A22C1406900AD4BB3 /* Info.plist */,
			);
			path = "View Finder AppTests";
			sourceTree = "<group>";
		};
		18790C4222C1406900AD4BB3 /* View Finder AppUITests */ = {
			isa = PBXGroup;
			children = (
				18790C4322C1406900AD4BB3 /* View_Finder_AppUITests.swift */,
				18790C4522C1406900AD4BB3 /* Info.plist */,
			);
			path = "View Finder AppUITests";
			sourceTree = "<group>";
		};
/* End PBXGroup section */

/* Begin PBXNativeTarget section */
		18790C1C22C1406800AD4BB3 /* View Finder App */ = {
			isa = PBXNativeTarget;
			buildConfigurationList = 18790C4822C1406900AD4BB3 /* Build configuration list for PBXNativeTarget "View Finder App" */;
			buildPhases = (
				18790C1922C1406800AD4BB3 /* Sources */,
				18790C1A22C1406800AD4BB3 /* Frameworks */,
				18790C1B22C1406800AD4BB3 /* Resources */,
			);
			buildRules = (
			);
			dependencies = (
			);
			name = "View Finder App";
			productName = "View Finder App";
			productReference = 18790C1D22C1406800AD4BB3 /* View Finder App.app */;
			productType = "com.apple.product-type.application";
		};
		18790C3322C1406900AD4BB3 /* View Finder AppTests */ = {
			isa = PBXNativeTarget;
			buildConfigurationList = 18790C4B22C1406900AD4BB3 /* Build configuration list for PBXNativeTarget "View Finder AppTests" */;
			buildPhases = (
				18790C3022C1406900AD4BB3 /* Sources */,
				18790C3122C1406900AD4BB3 /* Frameworks */,
				18790C3222C1406900AD4BB3 /* Resources */,
			);
			buildRules = (
			);
			dependencies = (
				18790C3622C1406900AD4BB3 /* PBXTargetDependency */,
			);
			name = "View Finder AppTests";
			productName = "View Finder AppTests";
			productReference = 18790C3422C1406900AD4BB3 /* View Finder AppTests.xctest */;
			productType = "com.apple.product-type.bundle.unit-test";
		};
		18790C3E22C1406900AD4BB3 /* View Finder AppUITests */ = {
			isa = PBXNativeTarget;
			buildConfigurationList = 18790C4E22C1406900AD4BB3 /* Build configuration list for PBXNativeTarget "View Finder AppUITests" */;
			buildPhases = (
				18790C3B22C1406900AD4BB3 /* Sources */,
				18790C3C22C1406900AD4BB3 /* Frameworks */,
				18790C3D22C1406900AD4BB3 /* Resources */,
			);
			buildRules = (
			);
			dependencies = (
				18790C4122C1406900AD4BB3 /* PBXTargetDependency */,
			);
			name = "View Finder AppUITests";
			productName = "View Finder AppUITests";
			productReference = 18790C3F22C1406900AD4BB3 /* View Finder AppUITests.xctest */;
			productType = "com.apple.product-type.bundle.ui-testing";
		};
/* End PBXNativeTarget section */

/* Begin PBXProject section */
		18790C1522C1406800AD4BB3 /* Project object */ = {
			isa = PBXProject;
			attributes = {
				LastSwiftUpdateCheck = 1020;
				LastUpgradeCheck = 1020;
				ORGANIZATIONNAME = Apple;
				TargetAttributes = {
					18790C1C22C1406800AD4BB3 = {
						CreatedOnToolsVersion = 10.2.1;
					};
					18790C3322C1406900AD4BB3 = {
						CreatedOnToolsVersion = 10.2.1;
						TestTargetID = 18790C1C22C1406800AD4BB3;
					};
					18790C3E22C1406900AD4BB3 = {
						CreatedOnToolsVersion = 10.2.1;
						TestTargetID = 18790C1C22C1406800AD4BB3;
					};
				};
			};
			buildConfigurationList = 18790C1822C1406800AD4BB3 /* Build configuration list for PBXProject "View Finder App" */;
			compatibilityVersion = "Xcode 9.3";
			developmentRegion = en;
			hasScannedForEncodings = 0;
			knownRegions = (
				en,
				Base,
			);
			mainGroup = 18790C1422C1406800AD4BB3;
			productRefGroup = 18790C1E22C1406800AD4BB3 /* Products */;
			projectDirPath = "";
			projectRoot = "";
			targets = (
				18790C1C22C1406800AD4BB3 /* View Finder App */,
				18790C3322C1406900AD4BB3 /* View Finder AppTests */,
				18790C3E22C1406900AD4BB3 /* View Finder AppUITests */,
			);
		};
/* End PBXProject section */

/* Begin PBXResourcesBuildPhase section */
		18790C1B22C1406800AD4BB3 /* Resources */ = {
			isa = PBXResourcesBuildPhase;
			buildActionMask = 2147483647;
			files = (
				18790C2E22C1406900AD4BB3 /* LaunchScreen.storyboard in Resources */,
				18790C2B22C1406900AD4BB3 /* Assets.xcassets in Resources */,
				18790C2622C1406800AD4BB3 /* Main.storyboard in Resources */,
			);
			runOnlyForDeploymentPostprocessing = 0;
		};
		18790C3222C1406900AD4BB3 /* Resources */ = {
			isa = PBXResourcesBuildPhase;
			buildActionMask = 2147483647;
			files = (
			);
			runOnlyForDeploymentPostprocessing = 0;
		};
		18790C3D22C1406900AD4BB3 /* Resources */ = {
			isa = PBXResourcesBuildPhase;
			buildActionMask = 2147483647;
			files = (
			);
			runOnlyForDeploymentPostprocessing = 0;
		};
/* End PBXResourcesBuildPhase section */

/* Begin PBXSourcesBuildPhase section */
		18790C1922C1406800AD4BB3 /* Sources */ = {
			isa = PBXSourcesBuildPhase;
			buildActionMask = 2147483647;
			files = (
				18790C2922C1406800AD4BB3 /* View_Finder_App.xcdatamodeld in Sources */,
				18790C5222C14C0400AD4BB3 /* AddPhotoViewController.swift in Sources */,
				18790C5422C164D900AD4BB3 /* PhotoTableViewController.swift in Sources */,
				18790C2122C1406800AD4BB3 /* AppDelegate.swift in Sources */,
			);
			runOnlyForDeploymentPostprocessing = 0;
		};
		18790C3022C1406900AD4BB3 /* Sources */ = {
			isa = PBXSourcesBuildPhase;
			buildActionMask = 2147483647;
			files = (
				18790C3922C1406900AD4BB3 /* View_Finder_AppTests.swift in Sources */,
			);
			runOnlyForDeploymentPostprocessing = 0;
		};
		18790C3B22C1406900AD4BB3 /* Sources */ = {
			isa = PBXSourcesBuildPhase;
			buildActionMask = 2147483647;
			files = (
				18790C4422C1406900AD4BB3 /* View_Finder_AppUITests.swift in Sources */,
			);
			runOnlyForDeploymentPostprocessing = 0;
		};
/* End PBXSourcesBuildPhase section */

/* Begin PBXTargetDependency section */
		18790C3622C1406900AD4BB3 /* PBXTargetDependency */ = {
			isa = PBXTargetDependency;
			target = 18790C1C22C1406800AD4BB3 /* View Finder App */;
			targetProxy = 18790C3522C1406900AD4BB3 /* PBXContainerItemProxy */;
		};
		18790C4122C1406900AD4BB3 /* PBXTargetDependency */ = {
			isa = PBXTargetDependency;
			target = 18790C1C22C1406800AD4BB3 /* View Finder App */;
			targetProxy = 18790C4022C1406900AD4BB3 /* PBXContainerItemProxy */;
		};
/* End PBXTargetDependency section */

/* Begin PBXVariantGroup section */
		18790C2422C1406800AD4BB3 /* Main.storyboard */ = {
			isa = PBXVariantGroup;
			children = (
				18790C2522C1406800AD4BB3 /* Base */,
			);
			name = Main.storyboard;
			sourceTree = "<group>";
		};
		18790C2C22C1406900AD4BB3 /* LaunchScreen.storyboard */ = {
			isa = PBXVariantGroup;
			children = (
				18790C2D22C1406900AD4BB3 /* Base */,
			);
			name = LaunchScreen.storyboard;
			sourceTree = "<group>";
		};
/* End PBXVariantGroup section */

/* Begin XCBuildConfiguration section */
		18790C4622C1406900AD4BB3 /* Debug */ = {
			isa = XCBuildConfiguration;
			buildSettings = {
				ALWAYS_SEARCH_USER_PATHS = NO;
				CLANG_ANALYZER_NONNULL = YES;
				CLANG_ANALYZER_NUMBER_OBJECT_CONVERSION = YES_AGGRESSIVE;
				CLANG_CXX_LANGUAGE_STANDARD = "gnu++14";
				CLANG_CXX_LIBRARY = "libc++";
				CLANG_ENABLE_MODULES = YES;
				CLANG_ENABLE_OBJC_ARC = YES;
				CLANG_ENABLE_OBJC_WEAK = YES;
				CLANG_WARN_BLOCK_CAPTURE_AUTORELEASING = YES;
				CLANG_WARN_BOOL_CONVERSION = YES;
				CLANG_WARN_COMMA = YES;
				CLANG_WARN_CONSTANT_CONVERSION = YES;
				CLANG_WARN_DEPRECATED_OBJC_IMPLEMENTATIONS = YES;
				CLANG_WARN_DIRECT_OBJC_ISA_USAGE = YES_ERROR;
				CLANG_WARN_DOCUMENTATION_COMMENTS = YES;
				CLANG_WARN_EMPTY_BODY = YES;
				CLANG_WARN_ENUM_CONVERSION = YES;
				CLANG_WARN_INFINITE_RECURSION = YES;
				CLANG_WARN_INT_CONVERSION = YES;
				CLANG_WARN_NON_LITERAL_NULL_CONVERSION = YES;
				CLANG_WARN_OBJC_IMPLICIT_RETAIN_SELF = YES;
				CLANG_WARN_OBJC_LITERAL_CONVERSION = YES;
				CLANG_WARN_OBJC_ROOT_CLASS = YES_ERROR;
				CLANG_WARN_RANGE_LOOP_ANALYSIS = YES;
				CLANG_WARN_STRICT_PROTOTYPES = YES;
				CLANG_WARN_SUSPICIOUS_MOVE = YES;
				CLANG_WARN_UNGUARDED_AVAILABILITY = YES_AGGRESSIVE;
				CLANG_WARN_UNREACHABLE_CODE = YES;
				CLANG_WARN__DUPLICATE_METHOD_MATCH = YES;
				CODE_SIGN_IDENTITY = "iPhone Developer";
				COPY_PHASE_STRIP = NO;
				DEBUG_INFORMATION_FORMAT = dwarf;
				ENABLE_STRICT_OBJC_MSGSEND = YES;
				ENABLE_TESTABILITY = YES;
				GCC_C_LANGUAGE_STANDARD = gnu11;
				GCC_DYNAMIC_NO_PIC = NO;
				GCC_NO_COMMON_BLOCKS = YES;
				GCC_OPTIMIZATION_LEVEL = 0;
				GCC_PREPROCESSOR_DEFINITIONS = (
					"DEBUG=1",
					"$(inherited)",
				);
				GCC_WARN_64_TO_32_BIT_CONVERSION = YES;
				GCC_WARN_ABOUT_RETURN_TYPE = YES_ERROR;
				GCC_WARN_UNDECLARED_SELECTOR = YES;
				GCC_WARN_UNINITIALIZED_AUTOS = YES_AGGRESSIVE;
				GCC_WARN_UNUSED_FUNCTION = YES;
				GCC_WARN_UNUSED_VARIABLE = YES;
				IPHONEOS_DEPLOYMENT_TARGET = 12.2;
				MTL_ENABLE_DEBUG_INFO = INCLUDE_SOURCE;
				MTL_FAST_MATH = YES;
				ONLY_ACTIVE_ARCH = YES;
				SDKROOT = iphoneos;
				SWIFT_ACTIVE_COMPILATION_CONDITIONS = DEBUG;
				SWIFT_OPTIMIZATION_LEVEL = "-Onone";
			};
			name = Debug;
		};
		18790C4722C1406900AD4BB3 /* Release */ = {
			isa = XCBuildConfiguration;
			buildSettings = {
				ALWAYS_SEARCH_USER_PATHS = NO;
				CLANG_ANALYZER_NONNULL = YES;
				CLANG_ANALYZER_NUMBER_OBJECT_CONVERSION = YES_AGGRESSIVE;
				CLANG_CXX_LANGUAGE_STANDARD = "gnu++14";
				CLANG_CXX_LIBRARY = "libc++";
				CLANG_ENABLE_MODULES = YES;
				CLANG_ENABLE_OBJC_ARC = YES;
				CLANG_ENABLE_OBJC_WEAK = YES;
				CLANG_WARN_BLOCK_CAPTURE_AUTORELEASING = YES;
				CLANG_WARN_BOOL_CONVERSION = YES;
				CLANG_WARN_COMMA = YES;
				CLANG_WARN_CONSTANT_CONVERSION = YES;
				CLANG_WARN_DEPRECATED_OBJC_IMPLEMENTATIONS = YES;
				CLANG_WARN_DIRECT_OBJC_ISA_USAGE = YES_ERROR;
				CLANG_WARN_DOCUMENTATION_COMMENTS = YES;
				CLANG_WARN_EMPTY_BODY = YES;
				CLANG_WARN_ENUM_CONVERSION = YES;
				CLANG_WARN_INFINITE_RECURSION = YES;
				CLANG_WARN_INT_CONVERSION = YES;
				CLANG_WARN_NON_LITERAL_NULL_CONVERSION = YES;
				CLANG_WARN_OBJC_IMPLICIT_RETAIN_SELF = YES;
				CLANG_WARN_OBJC_LITERAL_CONVERSION = YES;
				CLANG_WARN_OBJC_ROOT_CLASS = YES_ERROR;
				CLANG_WARN_RANGE_LOOP_ANALYSIS = YES;
				CLANG_WARN_STRICT_PROTOTYPES = YES;
				CLANG_WARN_SUSPICIOUS_MOVE = YES;
				CLANG_WARN_UNGUARDED_AVAILABILITY = YES_AGGRESSIVE;
				CLANG_WARN_UNREACHABLE_CODE = YES;
				CLANG_WARN__DUPLICATE_METHOD_MATCH = YES;
				CODE_SIGN_IDENTITY = "iPhone Developer";
				COPY_PHASE_STRIP = NO;
				DEBUG_INFORMATION_FORMAT = "dwarf-with-dsym";
				ENABLE_NS_ASSERTIONS = NO;
				ENABLE_STRICT_OBJC_MSGSEND = YES;
				GCC_C_LANGUAGE_STANDARD = gnu11;
				GCC_NO_COMMON_BLOCKS = YES;
				GCC_WARN_64_TO_32_BIT_CONVERSION = YES;
				GCC_WARN_ABOUT_RETURN_TYPE = YES_ERROR;
				GCC_WARN_UNDECLARED_SELECTOR = YES;
				GCC_WARN_UNINITIALIZED_AUTOS = YES_AGGRESSIVE;
				GCC_WARN_UNUSED_FUNCTION = YES;
				GCC_WARN_UNUSED_VARIABLE = YES;
				IPHONEOS_DEPLOYMENT_TARGET = 12.2;
				MTL_ENABLE_DEBUG_INFO = NO;
				MTL_FAST_MATH = YES;
				SDKROOT = iphoneos;
				SWIFT_COMPILATION_MODE = wholemodule;
				SWIFT_OPTIMIZATION_LEVEL = "-O";
				VALIDATE_PRODUCT = YES;
			};
			name = Release;
		};
		18790C4922C1406900AD4BB3 /* Debug */ = {
			isa = XCBuildConfiguration;
			buildSettings = {
				ASSETCATALOG_COMPILER_APPICON_NAME = AppIcon;
				CODE_SIGN_STYLE = Automatic;
				DEVELOPMENT_TEAM = BCB9KTAQNJ;
				INFOPLIST_FILE = "View Finder App/Info.plist";
				LD_RUNPATH_SEARCH_PATHS = (
					"$(inherited)",
					"@executable_path/Frameworks",
				);
				PRODUCT_BUNDLE_IDENTIFIER = "KWK.View-Finder-App";
				PRODUCT_NAME = "$(TARGET_NAME)";
				SWIFT_VERSION = 5.0;
				TARGETED_DEVICE_FAMILY = "1,2";
			};
			name = Debug;
		};
		18790C4A22C1406900AD4BB3 /* Release */ = {
			isa = XCBuildConfiguration;
			buildSettings = {
				ASSETCATALOG_COMPILER_APPICON_NAME = AppIcon;
				CODE_SIGN_STYLE = Automatic;
				DEVELOPMENT_TEAM = BCB9KTAQNJ;
				INFOPLIST_FILE = "View Finder App/Info.plist";
				LD_RUNPATH_SEARCH_PATHS = (
					"$(inherited)",
					"@executable_path/Frameworks",
				);
				PRODUCT_BUNDLE_IDENTIFIER = "KWK.View-Finder-App";
				PRODUCT_NAME = "$(TARGET_NAME)";
				SWIFT_VERSION = 5.0;
				TARGETED_DEVICE_FAMILY = "1,2";
			};
			name = Release;
		};
		18790C4C22C1406900AD4BB3 /* Debug */ = {
			isa = XCBuildConfiguration;
			buildSettings = {
				ALWAYS_EMBED_SWIFT_STANDARD_LIBRARIES = YES;
				BUNDLE_LOADER = "$(TEST_HOST)";
				CODE_SIGN_STYLE = Automatic;
				INFOPLIST_FILE = "View Finder AppTests/Info.plist";
				LD_RUNPATH_SEARCH_PATHS = (
					"$(inherited)",
					"@executable_path/Frameworks",
					"@loader_path/Frameworks",
				);
				PRODUCT_BUNDLE_IDENTIFIER = "KWK.View-Finder-AppTests";
				PRODUCT_NAME = "$(TARGET_NAME)";
				SWIFT_VERSION = 5.0;
				TARGETED_DEVICE_FAMILY = "1,2";
				TEST_HOST = "$(BUILT_PRODUCTS_DIR)/View Finder App.app/View Finder App";
			};
			name = Debug;
		};
		18790C4D22C1406900AD4BB3 /* Release */ = {
			isa = XCBuildConfiguration;
			buildSettings = {
				ALWAYS_EMBED_SWIFT_STANDARD_LIBRARIES = YES;
				BUNDLE_LOADER = "$(TEST_HOST)";
				CODE_SIGN_STYLE = Automatic;
				INFOPLIST_FILE = "View Finder AppTests/Info.plist";
				LD_RUNPATH_SEARCH_PATHS = (
					"$(inherited)",
					"@executable_path/Frameworks",
					"@loader_path/Frameworks",
				);
				PRODUCT_BUNDLE_IDENTIFIER = "KWK.View-Finder-AppTests";
				PRODUCT_NAME = "$(TARGET_NAME)";
				SWIFT_VERSION = 5.0;
				TARGETED_DEVICE_FAMILY = "1,2";
				TEST_HOST = "$(BUILT_PRODUCTS_DIR)/View Finder App.app/View Finder App";
			};
			name = Release;
		};
		18790C4F22C1406900AD4BB3 /* Debug */ = {
			isa = XCBuildConfiguration;
			buildSettings = {
				ALWAYS_EMBED_SWIFT_STANDARD_LIBRARIES = YES;
				CODE_SIGN_STYLE = Automatic;
				INFOPLIST_FILE = "View Finder AppUITests/Info.plist";
				LD_RUNPATH_SEARCH_PATHS = (
					"$(inherited)",
					"@executable_path/Frameworks",
					"@loader_path/Frameworks",
				);
				PRODUCT_BUNDLE_IDENTIFIER = "KWK.View-Finder-AppUITests";
				PRODUCT_NAME = "$(TARGET_NAME)";
				SWIFT_VERSION = 5.0;
				TARGETED_DEVICE_FAMILY = "1,2";
				TEST_TARGET_NAME = "View Finder App";
			};
			name = Debug;
		};
		18790C5022C1406900AD4BB3 /* Release */ = {
			isa = XCBuildConfiguration;
			buildSettings = {
				ALWAYS_EMBED_SWIFT_STANDARD_LIBRARIES = YES;
				CODE_SIGN_STYLE = Automatic;
				INFOPLIST_FILE = "View Finder AppUITests/Info.plist";
				LD_RUNPATH_SEARCH_PATHS = (
					"$(inherited)",
					"@executable_path/Frameworks",
					"@loader_path/Frameworks",
				);
				PRODUCT_BUNDLE_IDENTIFIER = "KWK.View-Finder-AppUITests";
				PRODUCT_NAME = "$(TARGET_NAME)";
				SWIFT_VERSION = 5.0;
				TARGETED_DEVICE_FAMILY = "1,2";
				TEST_TARGET_NAME = "View Finder App";
			};
			name = Release;
		};
/* End XCBuildConfiguration section */

/* Begin XCConfigurationList section */
		18790C1822C1406800AD4BB3 /* Build configuration list for PBXProject "View Finder App" */ = {
			isa = XCConfigurationList;
			buildConfigurations = (
				18790C4622C1406900AD4BB3 /* Debug */,
				18790C4722C1406900AD4BB3 /* Release */,
			);
			defaultConfigurationIsVisible = 0;
			defaultConfigurationName = Release;
		};
		18790C4822C1406900AD4BB3 /* Build configuration list for PBXNativeTarget "View Finder App" */ = {
			isa = XCConfigurationList;
			buildConfigurations = (
				18790C4922C1406900AD4BB3 /* Debug */,
				18790C4A22C1406900AD4BB3 /* Release */,
			);
			defaultConfigurationIsVisible = 0;
			defaultConfigurationName = Release;
		};
		18790C4B22C1406900AD4BB3 /* Build configuration list for PBXNativeTarget "View Finder AppTests" */ = {
			isa = XCConfigurationList;
			buildConfigurations = (
				18790C4C22C1406900AD4BB3 /* Debug */,
				18790C4D22C1406900AD4BB3 /* Release */,
			);
			defaultConfigurationIsVisible = 0;
			defaultConfigurationName = Release;
		};
		18790C4E22C1406900AD4BB3 /* Build configuration list for PBXNativeTarget "View Finder AppUITests" */ = {
			isa = XCConfigurationList;
			buildConfigurations = (
				18790C4F22C1406900AD4BB3 /* Debug */,
				18790C5022C1406900AD4BB3 /* Release */,
			);
			defaultConfigurationIsVisible = 0;
			defaultConfigurationName = Release;
		};
/* End XCConfigurationList section */

/* Begin XCVersionGroup section */
		18790C2722C1406800AD4BB3 /* View_Finder_App.xcdatamodeld */ = {
			isa = XCVersionGroup;
			children = (
				18790C2822C1406800AD4BB3 /* View_Finder_App.xcdatamodel */,
			);
			currentVersion = 18790C2822C1406800AD4BB3 /* View_Finder_App.xcdatamodel */;
			path = View_Finder_App.xcdatamodeld;
			sourceTree = "<group>";
			versionGroupType = wrapper.xcdatamodel;
		};
/* End XCVersionGroup section */
	};
	rootObject = 18790C1522C1406800AD4BB3 /* Project object */;
}
